
Microsoft Visual Studio Solution File, Format Version 12.00
# Visual Studio Version 16
VisualStudioVersion = 16.0.29911.84
MinimumVisualStudioVersion = 10.0.40219.1
Project("{2150E333-8FDC-42A3-9474-1A3956D46DE8}") = "Exceptions", "Exceptions", "{FC7EDDFE-641E-4BFB-ADC4-82E9AD8F3CBA}"
EndProject
Project("{2150E333-8FDC-42A3-9474-1A3956D46DE8}") = "API", "API", "{B6E20D13-DCC6-4F99-85CB-F60B59C84768}"
EndProject
Project("{2150E333-8FDC-42A3-9474-1A3956D46DE8}") = "Web_App", "Web_App", "{EDBF423B-4B29-468A-AE64-AA617CB97666}"
EndProject
Project("{2150E333-8FDC-42A3-9474-1A3956D46DE8}") = "Data_Access", "Data_Access", "{2202DDAE-C715-49B2-8249-A796E070C969}"
EndProject
Project("{2150E333-8FDC-42A3-9474-1A3956D46DE8}") = "Entities_Pojo", "Entities_Pojo", "{889CD447-655B-4209-90DC-05FAFAD466FB}"
EndProject
Project("{FAE04EC0-301F-11D3-BF4B-00C04F79EFBC}") = "DataAccess", "DataAccess\DataAccess.csproj", "{29A3D16E-5C6E-4F95-89F8-15665C4AE551}"
EndProject
Project("{FAE04EC0-301F-11D3-BF4B-00C04F79EFBC}") = "Exceptions", "Exceptions\Exceptions.csproj", "{7EDC99F9-7279-418B-9F96-86B9C14579CC}"
EndProject
Project("{FAE04EC0-301F-11D3-BF4B-00C04F79EFBC}") = "CoreAPI", "CoreAPI\CoreAPI.csproj", "{87D8295D-1F69-4AEF-8DCD-07BA8577A6DB}"
EndProject
Project("{FAE04EC0-301F-11D3-BF4B-00C04F79EFBC}") = "WebAPI", "WebAPI\WebAPI.csproj", "{118FECBD-876D-4AD9-A215-FF3A057F428F}"
EndProject
Project("{FAE04EC0-301F-11D3-BF4B-00C04F79EFBC}") = "Entities-POJO", "Entities-POJO\Entities-POJO.csproj", "{C23E2337-B4A3-4948-A880-350460B43D8F}"
EndProject
Project("{FAE04EC0-301F-11D3-BF4B-00C04F79EFBC}") = "WebApp", "WebApp\WebApp.csproj", "{9C04B508-6C46-49F0-9F90-26FB5BEE504C}"
EndProject
Global
	GlobalSection(SolutionConfigurationPlatforms) = preSolution
		Debug|Any CPU = Debug|Any CPU
		Release|Any CPU = Release|Any CPU
	EndGlobalSection
	GlobalSection(ProjectConfigurationPlatforms) = postSolution
		{29A3D16E-5C6E-4F95-89F8-15665C4AE551}.Debug|Any CPU.ActiveCfg = Debug|Any CPU
		{29A3D16E-5C6E-4F95-89F8-15665C4AE551}.Debug|Any CPU.Build.0 = Debug|Any CPU
		{29A3D16E-5C6E-4F95-89F8-15665C4AE551}.Release|Any CPU.ActiveCfg = Release|Any CPU
		{29A3D16E-5C6E-4F95-89F8-15665C4AE551}.Release|Any CPU.Build.0 = Release|Any CPU
		{7EDC99F9-7279-418B-9F96-86B9C14579CC}.Debug|Any CPU.ActiveCfg = Debug|Any CPU
		{7EDC99F9-7279-418B-9F96-86B9C14579CC}.Debug|Any CPU.Build.0 = Debug|Any CPU
		{7EDC99F9-7279-418B-9F96-86B9C14579CC}.Release|Any CPU.ActiveCfg = Release|Any CPU
		{7EDC99F9-7279-418B-9F96-86B9C14579CC}.Release|Any CPU.Build.0 = Release|Any CPU
		{87D8295D-1F69-4AEF-8DCD-07BA8577A6DB}.Debug|Any CPU.ActiveCfg = Debug|Any CPU
		{87D8295D-1F69-4AEF-8DCD-07BA8577A6DB}.Debug|Any CPU.Build.0 = Debug|Any CPU
		{87D8295D-1F69-4AEF-8DCD-07BA8577A6DB}.Release|Any CPU.ActiveCfg = Release|Any CPU
		{87D8295D-1F69-4AEF-8DCD-07BA8577A6DB}.Release|Any CPU.Build.0 = Release|Any CPU
		{118FECBD-876D-4AD9-A215-FF3A057F428F}.Debug|Any CPU.ActiveCfg = Debug|Any CPU
		{118FECBD-876D-4AD9-A215-FF3A057F428F}.Debug|Any CPU.Build.0 = Debug|Any CPU
		{118FECBD-876D-4AD9-A215-FF3A057F428F}.Release|Any CPU.ActiveCfg = Release|Any CPU
		{118FECBD-876D-4AD9-A215-FF3A057F428F}.Release|Any CPU.Build.0 = Release|Any CPU
		{C23E2337-B4A3-4948-A880-350460B43D8F}.Debug|Any CPU.ActiveCfg = Debug|Any CPU
		{C23E2337-B4A3-4948-A880-350460B43D8F}.Debug|Any CPU.Build.0 = Debug|Any CPU
		{C23E2337-B4A3-4948-A880-350460B43D8F}.Release|Any CPU.ActiveCfg = Release|Any CPU
		{C23E2337-B4A3-4948-A880-350460B43D8F}.Release|Any CPU.Build.0 = Release|Any CPU
		{9C04B508-6C46-49F0-9F90-26FB5BEE504C}.Debug|Any CPU.ActiveCfg = Debug|Any CPU
		{9C04B508-6C46-49F0-9F90-26FB5BEE504C}.Debug|Any CPU.Build.0 = Debug|Any CPU
		{9C04B508-6C46-49F0-9F90-26FB5BEE504C}.Release|Any CPU.ActiveCfg = Release|Any CPU
		{9C04B508-6C46-49F0-9F90-26FB5BEE504C}.Release|Any CPU.Build.0 = Release|Any CPU
	EndGlobalSection
	GlobalSection(SolutionProperties) = preSolution
		HideSolutionNode = FALSE
	EndGlobalSection
	GlobalSection(NestedProjects) = preSolution
		{29A3D16E-5C6E-4F95-89F8-15665C4AE551} = {2202DDAE-C715-49B2-8249-A796E070C969}
		{7EDC99F9-7279-418B-9F96-86B9C14579CC} = {FC7EDDFE-641E-4BFB-ADC4-82E9AD8F3CBA}
		{87D8295D-1F69-4AEF-8DCD-07BA8577A6DB} = {B6E20D13-DCC6-4F99-85CB-F60B59C84768}
		{118FECBD-876D-4AD9-A215-FF3A057F428F} = {B6E20D13-DCC6-4F99-85CB-F60B59C84768}
		{C23E2337-B4A3-4948-A880-350460B43D8F} = {889CD447-655B-4209-90DC-05FAFAD466FB}
		{9C04B508-6C46-49F0-9F90-26FB5BEE504C} = {EDBF423B-4B29-468A-AE64-AA617CB97666}
	EndGlobalSection
	GlobalSection(ExtensibilityGlobals) = postSolution
		SolutionGuid = {69EEAB3B-D405-4447-AC20-ACFEAEA5D0F4}
	EndGlobalSection
EndGlobal
